{
  "name": "mollywoodschool",
  "version": "1.0.0",
  "lockfileVersion": 2,
  "requires": true,
  "packages": {
    "": {
      "name": "mollywoodschool",
      "version": "1.0.0",
      "license": "ISC",
      "dependencies": {
        "module_cameracg": "^5.0.2",
        "module_gm": "^5.0.2"
      }
    },
    "node_modules/module_cameracg": {
      "version": "5.0.2",
      "resolved": "http://verdaccio.metaapp.cn/module_cameracg/-/module_cameracg-5.0.2.tgz",
      "integrity": "sha512-ssRLKSRoxCurdiOcCvZYJlgikGn24eQojDt6xlUws0HJaWhaBjlLNc6C6h9DRg7jKTxIa9M5bvYnkVCOOaUQ6A==",
      "license": "ISC"
    },
    "node_modules/module_gm": {
      "version": "5.0.2",
      "resolved": "http://verdaccio.metaapp.cn/module_gm/-/module_gm-5.0.2.tgz",
      "integrity": "sha512-raGQ7EujjkjVSDDdXVdETYVpbCmx7ma3PFJQLnQy/cA/TQnP7AArLkaJCTw3zeup9jkzspnYmzM6sySoItok5g==",
      "license": "ISC"
    }
  },
  "dependencies": {
    "module_cameracg": {
      "version": "5.0.2",
      "resolved": "http://verdaccio.metaapp.cn/module_cameracg/-/module_cameracg-5.0.2.tgz",
      "integrity": "sha512-ssRLKSRoxCurdiOcCvZYJlgikGn24eQojDt6xlUws0HJaWhaBjlLNc6C6h9DRg7jKTxIa9M5bvYnkVCOOaUQ6A=="
    },
    "module_gm": {
      "version": "5.0.2",
      "resolved": "http://verdaccio.metaapp.cn/module_gm/-/module_gm-5.0.2.tgz",
      "integrity": "sha512-raGQ7EujjkjVSDDdXVdETYVpbCmx7ma3PFJQLnQy/cA/TQnP7AArLkaJCTw3zeup9jkzspnYmzM6sySoItok5g=="
    }
  }
}
